
Microsoft Visual Studio Solution File, Format Version 12.00
# Visual Studio Version 16
VisualStudioVersion = 25.0.1706.4
MinimumVisualStudioVersion = 10.0.40219.1
Project("{FAE04EC0-301F-11D3-BF4B-00C04F79EFBC}") = "MauiPNTests", "MauiPNTests\MauiPNTests.csproj", "{65D5762D-478B-4D33-A0A0-57F051C6ADA5}"
EndProject
Global
	GlobalSection(SolutionConfigurationPlatforms) = preSolution
		Debug|Any CPU = Debug|Any CPU
		Release|Any CPU = Release|Any CPU
	EndGlobalSection
	GlobalSection(ProjectConfigurationPlatforms) = postSolution
		{65D5762D-478B-4D33-A0A0-57F051C6ADA5}.Debug|Any CPU.ActiveCfg = Debug|Any CPU
		{65D5762D-478B-4D33-A0A0-57F051C6ADA5}.Debug|Any CPU.Build.0 = Debug|Any CPU
		{65D5762D-478B-4D33-A0A0-57F051C6ADA5}.Release|Any CPU.ActiveCfg = Release|Any CPU
		{65D5762D-478B-4D33-A0A0-57F051C6ADA5}.Release|Any CPU.Build.0 = Release|Any CPU
	EndGlobalSection
	GlobalSection(SolutionProperties) = preSolution
		HideSolutionNode = FALSE
	EndGlobalSection
	GlobalSection(ExtensibilityGlobals) = postSolution
		SolutionGuid = {BDB399F3-2B29-4EF5-BB20-47DEB31A1315}
	EndGlobalSection
EndGlobal
